
Microsoft Visual Studio Solution File, Format Version 12.00
# Visual Studio Version 17
VisualStudioVersion = 17.3.32519.111
MinimumVisualStudioVersion = 10.0.40219.1
Project("{FAE04EC0-301F-11D3-BF4B-00C04F79EFBC}") = "0x Converter", "0x Converter.csproj", "{8513D9FE-6A43-4E23-ABB9-0F53C37EA6EB}"
EndProject
Global
	GlobalSection(SolutionConfigurationPlatforms) = preSolution
		Debug|Any CPU = Debug|Any CPU
		Release|Any CPU = Release|Any CPU
	EndGlobalSection
	GlobalSection(ProjectConfigurationPlatforms) = postSolution
		{8513D9FE-6A43-4E23-ABB9-0F53C37EA6EB}.Debug|Any CPU.ActiveCfg = Debug|Any CPU
		{8513D9FE-6A43-4E23-ABB9-0F53C37EA6EB}.Debug|Any CPU.Build.0 = Debug|Any CPU
		{8513D9FE-6A43-4E23-ABB9-0F53C37EA6EB}.Release|Any CPU.ActiveCfg = Release|Any CPU
		{8513D9FE-6A43-4E23-ABB9-0F53C37EA6EB}.Release|Any CPU.Build.0 = Release|Any CPU
	EndGlobalSection
	GlobalSection(SolutionProperties) = preSolution
		HideSolutionNode = FALSE
	EndGlobalSection
	GlobalSection(ExtensibilityGlobals) = postSolution
		SolutionGuid = {28D1E140-E3EA-49F0-99EC-B101A261E27C}
	EndGlobalSection
EndGlobal
